
Microsoft Visual Studio Solution File, Format Version 12.00
# Visual Studio Version 16
VisualStudioVersion = 16.0.29709.97
MinimumVisualStudioVersion = 10.0.40219.1
Project("{9A19103F-16F7-4668-BE54-9A1E7A4F7556}") = "SimilarImages", "SimilarImages\SimilarImages.csproj", "{191F5A96-5C7D-48B9-A238-9939AABE886C}"
EndProject
Project("{FAE04EC0-301F-11D3-BF4B-00C04F79EFBC}") = "ImageLibrary", "ImageLibrary\ImageLibrary.csproj", "{FA46F900-B8C9-4BC8-9B39-8CFF73C32BD1}"
EndProject
Global
	GlobalSection(SolutionConfigurationPlatforms) = preSolution
		Debug|Any CPU = Debug|Any CPU
		Release|Any CPU = Release|Any CPU
	EndGlobalSection
	GlobalSection(ProjectConfigurationPlatforms) = postSolution
		{191F5A96-5C7D-48B9-A238-9939AABE886C}.Debug|Any CPU.ActiveCfg = Debug|Any CPU
		{191F5A96-5C7D-48B9-A238-9939AABE886C}.Debug|Any CPU.Build.0 = Debug|Any CPU
		{191F5A96-5C7D-48B9-A238-9939AABE886C}.Release|Any CPU.ActiveCfg = Release|Any CPU
		{191F5A96-5C7D-48B9-A238-9939AABE886C}.Release|Any CPU.Build.0 = Release|Any CPU
		{FA46F900-B8C9-4BC8-9B39-8CFF73C32BD1}.Debug|Any CPU.ActiveCfg = Debug|Any CPU
		{FA46F900-B8C9-4BC8-9B39-8CFF73C32BD1}.Debug|Any CPU.Build.0 = Debug|Any CPU
		{FA46F900-B8C9-4BC8-9B39-8CFF73C32BD1}.Release|Any CPU.ActiveCfg = Release|Any CPU
		{FA46F900-B8C9-4BC8-9B39-8CFF73C32BD1}.Release|Any CPU.Build.0 = Release|Any CPU
	EndGlobalSection
	GlobalSection(SolutionProperties) = preSolution
		HideSolutionNode = FALSE
	EndGlobalSection
	GlobalSection(ExtensibilityGlobals) = postSolution
		SolutionGuid = {ABD5A704-90E9-466E-9F5F-DDE231E3F211}
	EndGlobalSection
EndGlobal
